Microsoft Visual Studio Solution File, Format Version 12.00
# Visual Studio Version 17
VisualStudioVersion = 17.0.31903.59
MinimumVisualStudioVersion = 10.0.40219.1
Project("{9A19103F-16F7-4668-BE54-9A1E7A4F7556}") = "TRNRun", "src\TRNRun\TRNRun.csproj", "{B2C88BCE-A12A-4B09-9F0A-03BB431762DA}"
EndProject
Project("{9A19103F-16F7-4668-BE54-9A1E7A4F7556}") = "TRNRun.Example", "examples\TRNRun.Example\TRNRun.Example.csproj", "{7AC78D84-A568-4A82-B66A-E372BE70E21A}"
EndProject
Project("{9A19103F-16F7-4668-BE54-9A1E7A4F7556}") = "TRNRun.BatchExample", "examples\TRNRun.BatchExample\TRNRun.BatchExample.csproj", "{1F1654C2-7926-4FBC-A8D0-B802B349921D}"
EndProject
Global
	GlobalSection(SolutionConfigurationPlatforms) = preSolution
		Debug|Any CPU = Debug|Any CPU
		Release|Any CPU = Release|Any CPU
	EndGlobalSection
	GlobalSection(ProjectConfigurationPlatforms) = postSolution
		{B2C88BCE-A12A-4B09-9F0A-03BB431762DA}.Debug|Any CPU.ActiveCfg = Debug|Any CPU
		{B2C88BCE-A12A-4B09-9F0A-03BB431762DA}.Debug|Any CPU.Build.0 = Debug|Any CPU
		{B2C88BCE-A12A-4B09-9F0A-03BB431762DA}.Release|Any CPU.ActiveCfg = Release|Any CPU
		{B2C88BCE-A12A-4B09-9F0A-03BB431762DA}.Release|Any CPU.Build.0 = Release|Any CPU
		{7AC78D84-A568-4A82-B66A-E372BE70E21A}.Debug|Any CPU.ActiveCfg = Debug|Any CPU
		{7AC78D84-A568-4A82-B66A-E372BE70E21A}.Debug|Any CPU.Build.0 = Debug|Any CPU
		{7AC78D84-A568-4A82-B66A-E372BE70E21A}.Release|Any CPU.ActiveCfg = Release|Any CPU
		{7AC78D84-A568-4A82-B66A-E372BE70E21A}.Release|Any CPU.Build.0 = Release|Any CPU
		{1F1654C2-7926-4FBC-A8D0-B802B349921D}.Debug|Any CPU.ActiveCfg = Debug|Any CPU
		{1F1654C2-7926-4FBC-A8D0-B802B349921D}.Debug|Any CPU.Build.0 = Debug|Any CPU
		{1F1654C2-7926-4FBC-A8D0-B802B349921D}.Release|Any CPU.ActiveCfg = Release|Any CPU
		{1F1654C2-7926-4FBC-A8D0-B802B349921D}.Release|Any CPU.Build.0 = Release|Any CPU
	EndGlobalSection
EndGlobal
